
Microsoft Visual Studio Solution File, Format Version 12.00
# Visual Studio Version 16
VisualStudioVersion = 16.0.30709.132
MinimumVisualStudioVersion = 10.0.40219.1
Project("{FAE04EC0-301F-11D3-BF4B-00C04F79EFBC}") = "Hacaton54", "Hacaton54\Hacaton54.csproj", "{68580F01-08CB-418B-B2B6-D75DF2549AE6}"
EndProject
Global
	GlobalSection(SolutionConfigurationPlatforms) = preSolution
		Debug|Any CPU = Debug|Any CPU
		Release|Any CPU = Release|Any CPU
	EndGlobalSection
	GlobalSection(ProjectConfigurationPlatforms) = postSolution
		{68580F01-08CB-418B-B2B6-D75DF2549AE6}.Debug|Any CPU.ActiveCfg = Debug|Any CPU
		{68580F01-08CB-418B-B2B6-D75DF2549AE6}.Debug|Any CPU.Build.0 = Debug|Any CPU
		{68580F01-08CB-418B-B2B6-D75DF2549AE6}.Release|Any CPU.ActiveCfg = Release|Any CPU
		{68580F01-08CB-418B-B2B6-D75DF2549AE6}.Release|Any CPU.Build.0 = Release|Any CPU
	EndGlobalSection
	GlobalSection(SolutionProperties) = preSolution
		HideSolutionNode = FALSE
	EndGlobalSection
	GlobalSection(ExtensibilityGlobals) = postSolution
		SolutionGuid = {AA17BD51-E579-40A1-949D-A3B22056842C}
	EndGlobalSection
EndGlobal
